
Microsoft Visual Studio Solution File, Format Version 12.00
# Visual Studio Version 16
VisualStudioVersion = 16.0.29920.165
MinimumVisualStudioVersion = 10.0.40219.1
Project("{FAE04EC0-301F-11D3-BF4B-00C04F79EFBC}") = "ndpOdev3", "ndpOdev3\ndpOdev3.csproj", "{57494085-11F6-41E9-BBD4-F481C5F3176F}"
EndProject
Global
	GlobalSection(SolutionConfigurationPlatforms) = preSolution
		Debug|Any CPU = Debug|Any CPU
		Release|Any CPU = Release|Any CPU
	EndGlobalSection
	GlobalSection(ProjectConfigurationPlatforms) = postSolution
		{57494085-11F6-41E9-BBD4-F481C5F3176F}.Debug|Any CPU.ActiveCfg = Debug|Any CPU
		{57494085-11F6-41E9-BBD4-F481C5F3176F}.Debug|Any CPU.Build.0 = Debug|Any CPU
		{57494085-11F6-41E9-BBD4-F481C5F3176F}.Release|Any CPU.ActiveCfg = Release|Any CPU
		{57494085-11F6-41E9-BBD4-F481C5F3176F}.Release|Any CPU.Build.0 = Release|Any CPU
	EndGlobalSection
	GlobalSection(SolutionProperties) = preSolution
		HideSolutionNode = FALSE
	EndGlobalSection
	GlobalSection(ExtensibilityGlobals) = postSolution
		SolutionGuid = {04277995-893E-4342-92B6-28DE8FD2CEE9}
	EndGlobalSection
EndGlobal
